
Microsoft Visual Studio Solution File, Format Version 12.00
# Visual Studio 15
Project("{FAE04EC0-301F-11D3-BF4B-00C04F79EFBC}") = "chesstest", "chesstest\chesstest.csproj", "{76FBACD4-D29C-4018-82B7-76B7939CF83D}"
EndProject
Global
	GlobalSection(SolutionConfigurationPlatforms) = preSolution
		Debug|anycpu = Debug|anycpu
		Release|anycpu = Release|anycpu
	EndGlobalSection
	GlobalSection(ProjectConfigurationPlatforms) = postSolution
		{76FBACD4-D29C-4018-82B7-76B7939CF83D}.Debug|anycpu.ActiveCfg = Debug|anycpu
		{76FBACD4-D29C-4018-82B7-76B7939CF83D}.Debug|anycpu.Build.0 = Debug|anycpu
		{76FBACD4-D29C-4018-82B7-76B7939CF83D}.Release|anycpu.ActiveCfg = Release|anycpu
		{76FBACD4-D29C-4018-82B7-76B7939CF83D}.Release|anycpu.Build.0 = Release|anycpu
	EndGlobalSection
EndGlobal
